# This file is automatically @generated by Cargo.
# It is not intended for manual editing.
version = 4

[[package]]
name = "qcoin-consensus"
version = "0.1.0"

[[package]]
name = "qcoin-crypto"
version = "0.1.0"

[[package]]
name = "qcoin-ledger"
version = "0.1.0"

[[package]]
name = "qcoin-node"
version = "0.1.0"

[[package]]
name = "qcoin-script"
version = "0.1.0"

[[package]]
name = "qcoin-types"
version = "0.1.0"
